
Microsoft Visual Studio Solution File, Format Version 12.00
# Visual Studio Version 16
VisualStudioVersion = 16.0.30907.101
MinimumVisualStudioVersion = 10.0.40219.1
Project("{FAE04EC0-301F-11D3-BF4B-00C04F79EFBC}") = "Denomination_Routine", "Denomination_Routine\Denomination_Routine.csproj", "{F9042407-37B3-4818-8676-B4D38BC7B776}"
EndProject
Project("{FAE04EC0-301F-11D3-BF4B-00C04F79EFBC}") = "Rest_Server", "Rest_Server\Rest_Server.csproj", "{890E3EC8-D57B-47C3-B0EB-5D6E8501F2A4}"
EndProject
Global
	GlobalSection(SolutionConfigurationPlatforms) = preSolution
		Debug|Any CPU = Debug|Any CPU
		Release|Any CPU = Release|Any CPU
	EndGlobalSection
	GlobalSection(ProjectConfigurationPlatforms) = postSolution
		{F9042407-37B3-4818-8676-B4D38BC7B776}.Debug|Any CPU.ActiveCfg = Debug|Any CPU
		{F9042407-37B3-4818-8676-B4D38BC7B776}.Debug|Any CPU.Build.0 = Debug|Any CPU
		{F9042407-37B3-4818-8676-B4D38BC7B776}.Release|Any CPU.ActiveCfg = Release|Any CPU
		{F9042407-37B3-4818-8676-B4D38BC7B776}.Release|Any CPU.Build.0 = Release|Any CPU
		{890E3EC8-D57B-47C3-B0EB-5D6E8501F2A4}.Debug|Any CPU.ActiveCfg = Debug|Any CPU
		{890E3EC8-D57B-47C3-B0EB-5D6E8501F2A4}.Debug|Any CPU.Build.0 = Debug|Any CPU
		{890E3EC8-D57B-47C3-B0EB-5D6E8501F2A4}.Release|Any CPU.ActiveCfg = Release|Any CPU
		{890E3EC8-D57B-47C3-B0EB-5D6E8501F2A4}.Release|Any CPU.Build.0 = Release|Any CPU
	EndGlobalSection
	GlobalSection(SolutionProperties) = preSolution
		HideSolutionNode = FALSE
	EndGlobalSection
	GlobalSection(ExtensibilityGlobals) = postSolution
		SolutionGuid = {7E596751-D05C-41B3-AB4C-11E22C65D433}
	EndGlobalSection
EndGlobal
